# This file is autogenerated, do not edit; changes may be undone by the next 'dep ensure'.


[[projects]]
  branch = "master"
  digest = "1:0931e8646554f080d7dc74dd24b22f2b4419d861b2a5236df6a042b484db5ed3"
  name = "github.com/function61/gokit"
  packages = ["ossignal"]
  pruneopts = "UT"
  revision = "8217bb608bdb7f46a8bbe40e496aabeab1601082"

[solve-meta]
  analyzer-name = "dep"
  analyzer-version = 1
  input-imports = ["github.com/function61/gokit/ossignal"]
  solver-name = "gps-cdcl"
  solver-version = 1
